
Microsoft Visual Studio Solution File, Format Version 12.00
# Visual Studio Version 17
VisualStudioVersion = 17.4.33110.190
MinimumVisualStudioVersion = 10.0.40219.1
Project("{2150E333-8FDC-42A3-9474-1A3956D46DE8}") = "01-Applications", "01-Applications", "{22F6DF4E-C74B-49F4-B34C-9142DD0B06FB}"
EndProject
Project("{2150E333-8FDC-42A3-9474-1A3956D46DE8}") = "02-Services", "02-Services", "{E9802FB6-7C64-4C55-B249-ED5AE7A81B47}"
EndProject
Project("{2150E333-8FDC-42A3-9474-1A3956D46DE8}") = "03-Domain", "03-Domain", "{69ECFAB8-BA77-4383-AA57-E1DD22960B94}"
EndProject
Project("{2150E333-8FDC-42A3-9474-1A3956D46DE8}") = "04-Data", "04-Data", "{C8D7D192-859A-43A1-A3CF-EEC2E75A3794}"
EndProject
Project("{2150E333-8FDC-42A3-9474-1A3956D46DE8}") = "05-Shared", "05-Shared", "{2F380F38-07E7-4ECB-B29F-E1532D07CCFC}"
EndProject
Project("{9A19103F-16F7-4668-BE54-9A1E7A4F7556}") = "Domain", "Domain\Domain.csproj", "{6512165B-C54E-470D-A0CE-FBC760ECEF1D}"
EndProject
Project("{9A19103F-16F7-4668-BE54-9A1E7A4F7556}") = "Data", "Data\Data.csproj", "{3D4A00EC-4487-4509-8414-8EC6B60EA66E}"
EndProject
Project("{9A19103F-16F7-4668-BE54-9A1E7A4F7556}") = "API.H2A", "API.H2A\API.H2A.csproj", "{ACE95DFC-7089-46ED-9791-FCFA0D7D9087}"
	ProjectSection(ProjectDependencies) = postProject
		{3D94D1AE-72BC-4674-8879-57A2749A2076} = {3D94D1AE-72BC-4674-8879-57A2749A2076}
		{6512165B-C54E-470D-A0CE-FBC760ECEF1D} = {6512165B-C54E-470D-A0CE-FBC760ECEF1D}
	EndProjectSection
EndProject
Project("{9A19103F-16F7-4668-BE54-9A1E7A4F7556}") = "Service", "Service\Service.csproj", "{80DCAA4C-D2F0-406A-ADCB-70BDA0A371C9}"
EndProject
Project("{9A19103F-16F7-4668-BE54-9A1E7A4F7556}") = "Shared", "Shared\Shared.csproj", "{3D94D1AE-72BC-4674-8879-57A2749A2076}"
EndProject
Global
	GlobalSection(SolutionConfigurationPlatforms) = preSolution
		Debug|Any CPU = Debug|Any CPU
		Release|Any CPU = Release|Any CPU
	EndGlobalSection
	GlobalSection(ProjectConfigurationPlatforms) = postSolution
		{6512165B-C54E-470D-A0CE-FBC760ECEF1D}.Debug|Any CPU.ActiveCfg = Debug|Any CPU
		{6512165B-C54E-470D-A0CE-FBC760ECEF1D}.Debug|Any CPU.Build.0 = Debug|Any CPU
		{6512165B-C54E-470D-A0CE-FBC760ECEF1D}.Release|Any CPU.ActiveCfg = Release|Any CPU
		{6512165B-C54E-470D-A0CE-FBC760ECEF1D}.Release|Any CPU.Build.0 = Release|Any CPU
		{3D4A00EC-4487-4509-8414-8EC6B60EA66E}.Debug|Any CPU.ActiveCfg = Debug|Any CPU
		{3D4A00EC-4487-4509-8414-8EC6B60EA66E}.Debug|Any CPU.Build.0 = Debug|Any CPU
		{3D4A00EC-4487-4509-8414-8EC6B60EA66E}.Release|Any CPU.ActiveCfg = Release|Any CPU
		{3D4A00EC-4487-4509-8414-8EC6B60EA66E}.Release|Any CPU.Build.0 = Release|Any CPU
		{ACE95DFC-7089-46ED-9791-FCFA0D7D9087}.Debug|Any CPU.ActiveCfg = Debug|Any CPU
		{ACE95DFC-7089-46ED-9791-FCFA0D7D9087}.Debug|Any CPU.Build.0 = Debug|Any CPU
		{ACE95DFC-7089-46ED-9791-FCFA0D7D9087}.Release|Any CPU.ActiveCfg = Release|Any CPU
		{ACE95DFC-7089-46ED-9791-FCFA0D7D9087}.Release|Any CPU.Build.0 = Release|Any CPU
		{80DCAA4C-D2F0-406A-ADCB-70BDA0A371C9}.Debug|Any CPU.ActiveCfg = Debug|Any CPU
		{80DCAA4C-D2F0-406A-ADCB-70BDA0A371C9}.Debug|Any CPU.Build.0 = Debug|Any CPU
		{80DCAA4C-D2F0-406A-ADCB-70BDA0A371C9}.Release|Any CPU.ActiveCfg = Release|Any CPU
		{80DCAA4C-D2F0-406A-ADCB-70BDA0A371C9}.Release|Any CPU.Build.0 = Release|Any CPU
		{3D94D1AE-72BC-4674-8879-57A2749A2076}.Debug|Any CPU.ActiveCfg = Debug|Any CPU
		{3D94D1AE-72BC-4674-8879-57A2749A2076}.Debug|Any CPU.Build.0 = Debug|Any CPU
		{3D94D1AE-72BC-4674-8879-57A2749A2076}.Release|Any CPU.ActiveCfg = Release|Any CPU
		{3D94D1AE-72BC-4674-8879-57A2749A2076}.Release|Any CPU.Build.0 = Release|Any CPU
	EndGlobalSection
	GlobalSection(SolutionProperties) = preSolution
		HideSolutionNode = FALSE
	EndGlobalSection
	GlobalSection(NestedProjects) = preSolution
		{6512165B-C54E-470D-A0CE-FBC760ECEF1D} = {69ECFAB8-BA77-4383-AA57-E1DD22960B94}
		{3D4A00EC-4487-4509-8414-8EC6B60EA66E} = {C8D7D192-859A-43A1-A3CF-EEC2E75A3794}
		{ACE95DFC-7089-46ED-9791-FCFA0D7D9087} = {22F6DF4E-C74B-49F4-B34C-9142DD0B06FB}
		{80DCAA4C-D2F0-406A-ADCB-70BDA0A371C9} = {E9802FB6-7C64-4C55-B249-ED5AE7A81B47}
		{3D94D1AE-72BC-4674-8879-57A2749A2076} = {2F380F38-07E7-4ECB-B29F-E1532D07CCFC}
	EndGlobalSection
	GlobalSection(ExtensibilityGlobals) = postSolution
		SolutionGuid = {5A42480A-5CE2-4CB2-B8BA-C146FAA09D8C}
	EndGlobalSection
EndGlobal
